Microsoft Visual Studio Solution File, Format Version 8.00
Project("{8BC9CEB8-8B4A-11D0-8D11-00A0C91BC942}") = "Metis3", "Metis3.vcproj", "{7F9889AA-07FF-460B-97AE-8776B916FC9D}"
	ProjectSection(ProjectDependencies) = postProject
	EndProjectSection
EndProject
Project("{8BC9CEB8-8B4A-11D0-8D11-00A0C91BC942}") = "RoboMXPlugin", "..\RoboMXPlugin\RoboMXPlugin.vcproj", "{BA50730A-DA04-45A3-8F95-8E34D5DFB5BA}"
	ProjectSection(ProjectDependencies) = postProject
	EndProjectSection
EndProject
Global
	GlobalSection(SolutionConfiguration) = preSolution
		Debug = Debug
		Release = Release
	EndGlobalSection
	GlobalSection(ProjectConfiguration) = postSolution
		{7F9889AA-07FF-460B-97AE-8776B916FC9D}.Debug.ActiveCfg = Debug|Win32
		{7F9889AA-07FF-460B-97AE-8776B916FC9D}.Debug.Build.0 = Debug|Win32
		{7F9889AA-07FF-460B-97AE-8776B916FC9D}.Release.ActiveCfg = Release|Win32
		{7F9889AA-07FF-460B-97AE-8776B916FC9D}.Release.Build.0 = Release|Win32
		{BA50730A-DA04-45A3-8F95-8E34D5DFB5BA}.Debug.ActiveCfg = Debug|Win32
		{BA50730A-DA04-45A3-8F95-8E34D5DFB5BA}.Debug.Build.0 = Debug|Win32
		{BA50730A-DA04-45A3-8F95-8E34D5DFB5BA}.Release.ActiveCfg = Release|Win32
		{BA50730A-DA04-45A3-8F95-8E34D5DFB5BA}.Release.Build.0 = Release|Win32
	EndGlobalSection
	GlobalSection(SolutionItems) = postSolution
	EndGlobalSection
	GlobalSection(ExtensibilityGlobals) = postSolution
	EndGlobalSection
	GlobalSection(ExtensibilityAddIns) = postSolution
	EndGlobalSection
EndGlobal
